
Microsoft Visual Studio Solution File, Format Version 12.00
# Visual Studio Version 16
VisualStudioVersion = 16.6.30114.105
MinimumVisualStudioVersion = 10.0.40219.1
Project("{2150E333-8FDC-42A3-9474-1A3956D46DE8}") = "src", "src", "{F258A8CE-3C33-45C7-984A-F8FC0DD0350B}"
EndProject
Project("{2150E333-8FDC-42A3-9474-1A3956D46DE8}") = "ApiGateway", "ApiGateway", "{105998AF-18C6-46F6-8451-274D802A9833}"
EndProject
Project("{2150E333-8FDC-42A3-9474-1A3956D46DE8}") = "Sourcing", "Sourcing", "{36A4D6FF-9A73-4E75-847E-72D225B17EE1}"
EndProject
Project("{2150E333-8FDC-42A3-9474-1A3956D46DE8}") = "Services", "Services", "{CBC6564C-D834-4E91-9794-76485FA258C4}"
EndProject
Project("{2150E333-8FDC-42A3-9474-1A3956D46DE8}") = "Order", "Order", "{B644F2FD-C4AD-4B51-99E9-6C047ABC51B9}"
EndProject
Project("{2150E333-8FDC-42A3-9474-1A3956D46DE8}") = "Products", "Products", "{8641D410-6B03-4E56-91CE-89CE7C9B6DBE}"
EndProject
Project("{2150E333-8FDC-42A3-9474-1A3956D46DE8}") = "Common", "Common", "{4C63493D-C4C1-4DB0-A119-EDDCE2A1612B}"
EndProject
Project("{9A19103F-16F7-4668-BE54-9A1E7A4F7556}") = "ESourcing.Products", "ESourcing.Product\ESourcing.Products.csproj", "{A83D11ED-DECA-4BE2-895E-A7A5198AB1FF}"
EndProject
Project("{E53339B2-1760-4266-BCC7-CA923CBCF16C}") = "docker-compose", "docker-compose.dcproj", "{BBD339A4-D3A3-4AC0-BAF1-90262355FEE6}"
EndProject
Project("{9A19103F-16F7-4668-BE54-9A1E7A4F7556}") = "ESourcing.Sourcing", "ESourcing.Sourcing\ESourcing.Sourcing.csproj", "{EC653604-6170-4FBB-A32F-9EE75845435B}"
EndProject
Project("{9A19103F-16F7-4668-BE54-9A1E7A4F7556}") = "EventBusRabbitMQ", "EventBusRabbitMQ\EventBusRabbitMQ.csproj", "{8521A4FF-ECB4-497B-8936-A51CF428B68C}"
EndProject
Project("{9A19103F-16F7-4668-BE54-9A1E7A4F7556}") = "ESourcing.Order", "ESourcing.Order\ESourcing.Order.csproj", "{CBB246B8-16D5-40A1-A47E-4E4296D91414}"
EndProject
Project("{9A19103F-16F7-4668-BE54-9A1E7A4F7556}") = "Ordering.Domain", "Ordering.Domain\Ordering.Domain.csproj", "{BD4DA0F8-B0EC-4222-9C97-EA8F209BBAD7}"
EndProject
Project("{9A19103F-16F7-4668-BE54-9A1E7A4F7556}") = "Ordering.Application", "Ordering.Application\Ordering.Application.csproj", "{02E0A996-BDF5-4D93-9CCB-55676E99E3A4}"
EndProject
Project("{9A19103F-16F7-4668-BE54-9A1E7A4F7556}") = "Ordering.Infrastructure", "Ordering.Infrastructure\Ordering.Infrastructure.csproj", "{995D2426-12E1-4094-B1E7-059872215FF4}"
EndProject
Project("{FAE04EC0-301F-11D3-BF4B-00C04F79EFBC}") = "ESourcing.APIGateway", "ESourcing.APIGateway\ESourcing.APIGateway.csproj", "{DB70C78C-AA45-45D9-9812-AFF17E4D8E9D}"
EndProject
Global
	GlobalSection(SolutionConfigurationPlatforms) = preSolution
		Debug|Any CPU = Debug|Any CPU
		Debug|x64 = Debug|x64
		Release|Any CPU = Release|Any CPU
		Release|x64 = Release|x64
	EndGlobalSection
	GlobalSection(ProjectConfigurationPlatforms) = postSolution
		{A83D11ED-DECA-4BE2-895E-A7A5198AB1FF}.Debug|Any CPU.ActiveCfg = Debug|Any CPU
		{A83D11ED-DECA-4BE2-895E-A7A5198AB1FF}.Debug|Any CPU.Build.0 = Debug|Any CPU
		{A83D11ED-DECA-4BE2-895E-A7A5198AB1FF}.Debug|x64.ActiveCfg = Debug|Any CPU
		{A83D11ED-DECA-4BE2-895E-A7A5198AB1FF}.Debug|x64.Build.0 = Debug|Any CPU
		{A83D11ED-DECA-4BE2-895E-A7A5198AB1FF}.Release|Any CPU.ActiveCfg = Release|Any CPU
		{A83D11ED-DECA-4BE2-895E-A7A5198AB1FF}.Release|Any CPU.Build.0 = Release|Any CPU
		{A83D11ED-DECA-4BE2-895E-A7A5198AB1FF}.Release|x64.ActiveCfg = Release|Any CPU
		{A83D11ED-DECA-4BE2-895E-A7A5198AB1FF}.Release|x64.Build.0 = Release|Any CPU
		{BBD339A4-D3A3-4AC0-BAF1-90262355FEE6}.Debug|Any CPU.ActiveCfg = Debug|Any CPU
		{BBD339A4-D3A3-4AC0-BAF1-90262355FEE6}.Debug|Any CPU.Build.0 = Debug|Any CPU
		{BBD339A4-D3A3-4AC0-BAF1-90262355FEE6}.Debug|x64.ActiveCfg = Debug|Any CPU
		{BBD339A4-D3A3-4AC0-BAF1-90262355FEE6}.Debug|x64.Build.0 = Debug|Any CPU
		{BBD339A4-D3A3-4AC0-BAF1-90262355FEE6}.Release|Any CPU.ActiveCfg = Release|Any CPU
		{BBD339A4-D3A3-4AC0-BAF1-90262355FEE6}.Release|Any CPU.Build.0 = Release|Any CPU
		{BBD339A4-D3A3-4AC0-BAF1-90262355FEE6}.Release|x64.ActiveCfg = Release|Any CPU
		{BBD339A4-D3A3-4AC0-BAF1-90262355FEE6}.Release|x64.Build.0 = Release|Any CPU
		{EC653604-6170-4FBB-A32F-9EE75845435B}.Debug|Any CPU.ActiveCfg = Debug|Any CPU
		{EC653604-6170-4FBB-A32F-9EE75845435B}.Debug|Any CPU.Build.0 = Debug|Any CPU
		{EC653604-6170-4FBB-A32F-9EE75845435B}.Debug|x64.ActiveCfg = Debug|Any CPU
		{EC653604-6170-4FBB-A32F-9EE75845435B}.Debug|x64.Build.0 = Debug|Any CPU
		{EC653604-6170-4FBB-A32F-9EE75845435B}.Release|Any CPU.ActiveCfg = Release|Any CPU
		{EC653604-6170-4FBB-A32F-9EE75845435B}.Release|Any CPU.Build.0 = Release|Any CPU
		{EC653604-6170-4FBB-A32F-9EE75845435B}.Release|x64.ActiveCfg = Release|Any CPU
		{EC653604-6170-4FBB-A32F-9EE75845435B}.Release|x64.Build.0 = Release|Any CPU
		{8521A4FF-ECB4-497B-8936-A51CF428B68C}.Debug|Any CPU.ActiveCfg = Debug|Any CPU
		{8521A4FF-ECB4-497B-8936-A51CF428B68C}.Debug|Any CPU.Build.0 = Debug|Any CPU
		{8521A4FF-ECB4-497B-8936-A51CF428B68C}.Debug|x64.ActiveCfg = Debug|Any CPU
		{8521A4FF-ECB4-497B-8936-A51CF428B68C}.Debug|x64.Build.0 = Debug|Any CPU
		{8521A4FF-ECB4-497B-8936-A51CF428B68C}.Release|Any CPU.ActiveCfg = Release|Any CPU
		{8521A4FF-ECB4-497B-8936-A51CF428B68C}.Release|Any CPU.Build.0 = Release|Any CPU
		{8521A4FF-ECB4-497B-8936-A51CF428B68C}.Release|x64.ActiveCfg = Release|Any CPU
		{8521A4FF-ECB4-497B-8936-A51CF428B68C}.Release|x64.Build.0 = Release|Any CPU
		{CBB246B8-16D5-40A1-A47E-4E4296D91414}.Debug|Any CPU.ActiveCfg = Debug|Any CPU
		{CBB246B8-16D5-40A1-A47E-4E4296D91414}.Debug|Any CPU.Build.0 = Debug|Any CPU
		{CBB246B8-16D5-40A1-A47E-4E4296D91414}.Debug|x64.ActiveCfg = Debug|Any CPU
		{CBB246B8-16D5-40A1-A47E-4E4296D91414}.Debug|x64.Build.0 = Debug|Any CPU
		{CBB246B8-16D5-40A1-A47E-4E4296D91414}.Release|Any CPU.ActiveCfg = Release|Any CPU
		{CBB246B8-16D5-40A1-A47E-4E4296D91414}.Release|Any CPU.Build.0 = Release|Any CPU
		{CBB246B8-16D5-40A1-A47E-4E4296D91414}.Release|x64.ActiveCfg = Release|Any CPU
		{CBB246B8-16D5-40A1-A47E-4E4296D91414}.Release|x64.Build.0 = Release|Any CPU
		{BD4DA0F8-B0EC-4222-9C97-EA8F209BBAD7}.Debug|Any CPU.ActiveCfg = Debug|Any CPU
		{BD4DA0F8-B0EC-4222-9C97-EA8F209BBAD7}.Debug|Any CPU.Build.0 = Debug|Any CPU
		{BD4DA0F8-B0EC-4222-9C97-EA8F209BBAD7}.Debug|x64.ActiveCfg = Debug|Any CPU
		{BD4DA0F8-B0EC-4222-9C97-EA8F209BBAD7}.Debug|x64.Build.0 = Debug|Any CPU
		{BD4DA0F8-B0EC-4222-9C97-EA8F209BBAD7}.Release|Any CPU.ActiveCfg = Release|Any CPU
		{BD4DA0F8-B0EC-4222-9C97-EA8F209BBAD7}.Release|Any CPU.Build.0 = Release|Any CPU
		{BD4DA0F8-B0EC-4222-9C97-EA8F209BBAD7}.Release|x64.ActiveCfg = Release|Any CPU
		{BD4DA0F8-B0EC-4222-9C97-EA8F209BBAD7}.Release|x64.Build.0 = Release|Any CPU
		{02E0A996-BDF5-4D93-9CCB-55676E99E3A4}.Debug|Any CPU.ActiveCfg = Debug|Any CPU
		{02E0A996-BDF5-4D93-9CCB-55676E99E3A4}.Debug|Any CPU.Build.0 = Debug|Any CPU
		{02E0A996-BDF5-4D93-9CCB-55676E99E3A4}.Debug|x64.ActiveCfg = Debug|Any CPU
		{02E0A996-BDF5-4D93-9CCB-55676E99E3A4}.Debug|x64.Build.0 = Debug|Any CPU
		{02E0A996-BDF5-4D93-9CCB-55676E99E3A4}.Release|Any CPU.ActiveCfg = Release|Any CPU
		{02E0A996-BDF5-4D93-9CCB-55676E99E3A4}.Release|Any CPU.Build.0 = Release|Any CPU
		{02E0A996-BDF5-4D93-9CCB-55676E99E3A4}.Release|x64.ActiveCfg = Release|Any CPU
		{02E0A996-BDF5-4D93-9CCB-55676E99E3A4}.Release|x64.Build.0 = Release|Any CPU
		{995D2426-12E1-4094-B1E7-059872215FF4}.Debug|Any CPU.ActiveCfg = Debug|Any CPU
		{995D2426-12E1-4094-B1E7-059872215FF4}.Debug|Any CPU.Build.0 = Debug|Any CPU
		{995D2426-12E1-4094-B1E7-059872215FF4}.Debug|x64.ActiveCfg = Debug|Any CPU
		{995D2426-12E1-4094-B1E7-059872215FF4}.Debug|x64.Build.0 = Debug|Any CPU
		{995D2426-12E1-4094-B1E7-059872215FF4}.Release|Any CPU.ActiveCfg = Release|Any CPU
		{995D2426-12E1-4094-B1E7-059872215FF4}.Release|Any CPU.Build.0 = Release|Any CPU
		{995D2426-12E1-4094-B1E7-059872215FF4}.Release|x64.ActiveCfg = Release|Any CPU
		{995D2426-12E1-4094-B1E7-059872215FF4}.Release|x64.Build.0 = Release|Any CPU
		{DB70C78C-AA45-45D9-9812-AFF17E4D8E9D}.Debug|Any CPU.ActiveCfg = Debug|Any CPU
		{DB70C78C-AA45-45D9-9812-AFF17E4D8E9D}.Debug|Any CPU.Build.0 = Debug|Any CPU
		{DB70C78C-AA45-45D9-9812-AFF17E4D8E9D}.Debug|x64.ActiveCfg = Debug|Any CPU
		{DB70C78C-AA45-45D9-9812-AFF17E4D8E9D}.Debug|x64.Build.0 = Debug|Any CPU
		{DB70C78C-AA45-45D9-9812-AFF17E4D8E9D}.Release|Any CPU.ActiveCfg = Release|Any CPU
		{DB70C78C-AA45-45D9-9812-AFF17E4D8E9D}.Release|Any CPU.Build.0 = Release|Any CPU
		{DB70C78C-AA45-45D9-9812-AFF17E4D8E9D}.Release|x64.ActiveCfg = Release|Any CPU
		{DB70C78C-AA45-45D9-9812-AFF17E4D8E9D}.Release|x64.Build.0 = Release|Any CPU
	EndGlobalSection
	GlobalSection(SolutionProperties) = preSolution
		HideSolutionNode = FALSE
	EndGlobalSection
	GlobalSection(NestedProjects) = preSolution
		{105998AF-18C6-46F6-8451-274D802A9833} = {F258A8CE-3C33-45C7-984A-F8FC0DD0350B}
		{36A4D6FF-9A73-4E75-847E-72D225B17EE1} = {CBC6564C-D834-4E91-9794-76485FA258C4}
		{CBC6564C-D834-4E91-9794-76485FA258C4} = {F258A8CE-3C33-45C7-984A-F8FC0DD0350B}
		{B644F2FD-C4AD-4B51-99E9-6C047ABC51B9} = {CBC6564C-D834-4E91-9794-76485FA258C4}
		{8641D410-6B03-4E56-91CE-89CE7C9B6DBE} = {CBC6564C-D834-4E91-9794-76485FA258C4}
		{4C63493D-C4C1-4DB0-A119-EDDCE2A1612B} = {CBC6564C-D834-4E91-9794-76485FA258C4}
		{A83D11ED-DECA-4BE2-895E-A7A5198AB1FF} = {8641D410-6B03-4E56-91CE-89CE7C9B6DBE}
		{EC653604-6170-4FBB-A32F-9EE75845435B} = {36A4D6FF-9A73-4E75-847E-72D225B17EE1}
		{8521A4FF-ECB4-497B-8936-A51CF428B68C} = {4C63493D-C4C1-4DB0-A119-EDDCE2A1612B}
		{CBB246B8-16D5-40A1-A47E-4E4296D91414} = {B644F2FD-C4AD-4B51-99E9-6C047ABC51B9}
		{BD4DA0F8-B0EC-4222-9C97-EA8F209BBAD7} = {B644F2FD-C4AD-4B51-99E9-6C047ABC51B9}
		{02E0A996-BDF5-4D93-9CCB-55676E99E3A4} = {B644F2FD-C4AD-4B51-99E9-6C047ABC51B9}
		{995D2426-12E1-4094-B1E7-059872215FF4} = {B644F2FD-C4AD-4B51-99E9-6C047ABC51B9}
		{DB70C78C-AA45-45D9-9812-AFF17E4D8E9D} = {105998AF-18C6-46F6-8451-274D802A9833}
	EndGlobalSection
	GlobalSection(ExtensibilityGlobals) = postSolution
		SolutionGuid = {33C83A41-AC0E-4328-9C4E-C4EC3C3F92FC}
	EndGlobalSection
EndGlobal
